// !$*UTF8*$!
{
	archiveVersion = 1;
	classes = {
	};
	objectVersion = 50;
	objects = {

/* Begin PBXBuildFile section */
		A414CB0924CC2A2200713814 /* ContentView.swift in Sources */ = {isa = PBXBuildFile; fileRef = A414CB0824CC2A2200713814 /* ContentView.swift */; };
		A414CB0B24CC2A4200713814 /* VideoLooper.swift in Sources */ = {isa = PBXBuildFile; fileRef = A414CB0A24CC2A4200713814 /* VideoLooper.swift */; };
		A414CB0D24CC2AA900713814 /* AboutUsVideoforframe.mov in Resources */ = {isa = PBXBuildFile; fileRef = A414CB0C24CC2AA900713814 /* AboutUsVideoforframe.mov */; };
		A4B389E224C2CC4800F2A957 /* AppDelegate.swift in Sources */ = {isa = PBXBuildFile; fileRef = A4B389E124C2CC4800F2A957 /* AppDelegate.swift */; };
		A4B389E424C2CC4800F2A957 /* SceneDelegate.swift in Sources */ = {isa = PBXBuildFile; fileRef = A4B389E324C2CC4800F2A957 /* SceneDelegate.swift */; };
		A4B389E824C2CC4C00F2A957 /* Assets.xcassets in Resources */ = {isa = PBXBuildFile; fileRef = A4B389E724C2CC4C00F2A957 /* Assets.xcassets */; };
		A4B389EB24C2CC4C00F2A957 /* Preview Assets.xcassets in Resources */ = {isa = PBXBuildFile; fileRef = A4B389EA24C2CC4C00F2A957 /* Preview Assets.xcassets */; };
		A4B389EE24C2CC4C00F2A957 /* LaunchScreen.storyboard in Resources */ = {isa = PBXBuildFile; fileRef = A4B389EC24C2CC4C00F2A957 /* LaunchScreen.storyboard */; };
		A4B389F924C2CC4D00F2A957 /* VideoLooperTests.swift in Sources */ = {isa = PBXBuildFile; fileRef = A4B389F824C2CC4D00F2A957 /* VideoLooperTests.swift */; };
		A4B38A0424C2CC4D00F2A957 /* VideoLooperUITests.swift in Sources */ = {isa = PBXBuildFile; fileRef = A4B38A0324C2CC4D00F2A957 /* VideoLooperUITests.swift */; };
/* End PBXBuildFile section */

/* Begin PBXContainerItemProxy section */
		A4B389F524C2CC4D00F2A957 /* PBXContainerItemProxy */ = {
			isa = PBXContainerItemProxy;
			containerPortal = A4B389D624C2CC4800F2A957 /* Project object */;
			proxyType = 1;
			remoteGlobalIDString = A4B389DD24C2CC4800F2A957;
			remoteInfo = VideoLooper;
		};
		A4B38A0024C2CC4D00F2A957 /* PBXContainerItemProxy */ = {
			isa = PBXContainerItemProxy;
			containerPortal = A4B389D624C2CC4800F2A957 /* Project object */;
			proxyType = 1;
			remoteGlobalIDString = A4B389DD24C2CC4800F2A957;
			remoteInfo = VideoLooper;
		};
/* End PBXContainerItemProxy section */

/* Begin PBXFileReference section */
		A414CB0824CC2A2200713814 /* ContentView.swift */ = {isa = PBXFileReference; lastKnownFileType = sourcecode.swift; path = ContentView.swift; sourceTree = "<group>"; };
		A414CB0A24CC2A4200713814 /* VideoLooper.swift */ = {isa = PBXFileReference; lastKnownFileType = sourcecode.swift; path = VideoLooper.swift; sourceTree = "<group>"; };
		A414CB0C24CC2AA900713814 /* AboutUsVideoforframe.mov */ = {isa = PBXFileReference; lastKnownFileType = video.quicktime; path = AboutUsVideoforframe.mov; sourceTree = "<group>"; };
		A4B389DE24C2CC4800F2A957 /* VideoLooper.app */ = {isa = PBXFileReference; explicitFileType = wrapper.application; includeInIndex = 0; path = VideoLooper.app; sourceTree = BUILT_PRODUCTS_DIR; };
		A4B389E124C2CC4800F2A957 /* AppDelegate.swift */ = {isa = PBXFileReference; lastKnownFileType = sourcecode.swift; path = AppDelegate.swift; sourceTree = "<group>"; };
		A4B389E324C2CC4800F2A957 /* SceneDelegate.swift */ = {isa = PBXFileReference; lastKnownFileType = sourcecode.swift; path = SceneDelegate.swift; sourceTree = "<group>"; };
		A4B389E724C2CC4C00F2A957 /* Assets.xcassets */ = {isa = PBXFileReference; lastKnownFileType = folder.assetcatalog; path = Assets.xcassets; sourceTree = "<group>"; };
		A4B389EA24C2CC4C00F2A957 /* Preview Assets.xcassets */ = {isa = PBXFileReference; lastKnownFileType = folder.assetcatalog; path = "Preview Assets.xcassets"; sourceTree = "<group>"; };
		A4B389ED24C2CC4C00F2A957 /* Base */ = {isa = PBXFileReference; lastKnownFileType = file.storyboard; name = Base; path = Base.lproj/LaunchScreen.storyboard; sourceTree = "<group>"; };
		A4B389EF24C2CC4C00F2A957 /* Info.plist */ = {isa = PBXFileReference; lastKnownFileType = text.plist.xml; path = Info.plist; sourceTree = "<group>"; };
		A4B389F424C2CC4D00F2A957 /* VideoLooperTests.xctest */ = {isa = PBXFileReference; explicitFileType = wrapper.cfbundle; includeInIndex = 0; path = VideoLooperTests.xctest; sourceTree = BUILT_PRODUCTS_DIR; };
		A4B389F824C2CC4D00F2A957 /* VideoLooperTests.swift */ = {isa = PBXFileReference; lastKnownFileType = sourcecode.swift; path = VideoLooperTests.swift; sourceTree = "<group>"; };
		A4B389FA24C2CC4D00F2A957 /* Info.plist */ = {isa = PBXFileReference; lastKnownFileType = text.plist.xml; path = Info.plist; sourceTree = "<group>"; };
		A4B389FF24C2CC4D00F2A957 /* VideoLooperUITests.xctest */ = {isa = PBXFileReference; explicitFileType = wrapper.cfbundle; includeInIndex = 0; path = VideoLooperUITests.xctest; sourceTree = BUILT_PRODUCTS_DIR; };
		A4B38A0324C2CC4D00F2A957 /* VideoLooperUITests.swift */ = {isa = PBXFileReference; lastKnownFileType = sourcecode.swift; path = VideoLooperUITests.swift; sourceTree = "<group>"; };
		A4B38A0524C2CC4D00F2A957 /* Info.plist */ = {isa = PBXFileReference; lastKnownFileType = text.plist.xml; path = Info.plist; sourceTree = "<group>"; };
/* End PBXFileReference section */

/* Begin PBXFrameworksBuildPhase section */
		A4B389DB24C2CC4800F2A957 /* Frameworks */ = {
			isa = PBXFrameworksBuildPhase;
			buildActionMask = 2147483647;
			files = (
			);
			runOnlyForDeploymentPostprocessing = 0;
		};
		A4B389F124C2CC4D00F2A957 /* Frameworks */ = {
			isa = PBXFrameworksBuildPhase;
			buildActionMask = 2147483647;
			files = (
			);
			runOnlyForDeploymentPostprocessing = 0;
		};
		A4B389FC24C2CC4D00F2A957 /* Frameworks */ = {
			isa = PBXFrameworksBuildPhase;
			buildActionMask = 2147483647;
			files = (
			);
			runOnlyForDeploymentPostprocessing = 0;
		};
/* End PBXFrameworksBuildPhase section */

/* Begin PBXGroup section */
		A4B389D524C2CC4800F2A957 = {
			isa = PBXGroup;
			children = (
				A414CB0C24CC2AA900713814 /* AboutUsVideoforframe.mov */,
				A4B389E024C2CC4800F2A957 /* VideoLooper */,
				A4B389F724C2CC4D00F2A957 /* VideoLooperTests */,
				A4B38A0224C2CC4D00F2A957 /* VideoLooperUITests */,
				A4B389DF24C2CC4800F2A957 /* Products */,
			);
			sourceTree = "<group>";
		};
		A4B389DF24C2CC4800F2A957 /* Products */ = {
			isa = PBXGroup;
			children = (
				A4B389DE24C2CC4800F2A957 /* VideoLooper.app */,
				A4B389F424C2CC4D00F2A957 /* VideoLooperTests.xctest */,
				A4B389FF24C2CC4D00F2A957 /* VideoLooperUITests.xctest */,
			);
			name = Products;
			sourceTree = "<group>";
		};
		A4B389E024C2CC4800F2A957 /* VideoLooper */ = {
			isa = PBXGroup;
			children = (
				A4B389E124C2CC4800F2A957 /* AppDelegate.swift */,
				A4B389E324C2CC4800F2A957 /* SceneDelegate.swift */,
				A414CB0824CC2A2200713814 /* ContentView.swift */,
				A414CB0A24CC2A4200713814 /* VideoLooper.swift */,
				A4B389E724C2CC4C00F2A957 /* Assets.xcassets */,
				A4B389EC24C2CC4C00F2A957 /* LaunchScreen.storyboard */,
				A4B389EF24C2CC4C00F2A957 /* Info.plist */,
				A4B389E924C2CC4C00F2A957 /* Preview Content */,
			);
			path = VideoLooper;
			sourceTree = "<group>";
		};
		A4B389E924C2CC4C00F2A957 /* Preview Content */ = {
			isa = PBXGroup;
			children = (
				A4B389EA24C2CC4C00F2A957 /* Preview Assets.xcassets */,
			);
			path = "Preview Content";
			sourceTree = "<group>";
		};
		A4B389F724C2CC4D00F2A957 /* VideoLooperTests */ = {
			isa = PBXGroup;
			children = (
				A4B389F824C2CC4D00F2A957 /* VideoLooperTests.swift */,
				A4B389FA24C2CC4D00F2A957 /* Info.plist */,
			);
			path = VideoLooperTests;
			sourceTree = "<group>";
		};
		A4B38A0224C2CC4D00F2A957 /* VideoLooperUITests */ = {
			isa = PBXGroup;
			children = (
				A4B38A0324C2CC4D00F2A957 /* VideoLooperUITests.swift */,
				A4B38A0524C2CC4D00F2A957 /* Info.plist */,
			);
			path = VideoLooperUITests;
			sourceTree = "<group>";
		};
/* End PBXGroup section */

/* Begin PBXNativeTarget section */
		A4B389DD24C2CC4800F2A957 /* VideoLooper */ = {
			isa = PBXNativeTarget;
			buildConfigurationList = A4B38A0824C2CC4D00F2A957 /* Build configuration list for PBXNativeTarget "VideoLooper" */;
			buildPhases = (
				A4B389DA24C2CC4800F2A957 /* Sources */,
				A4B389DB24C2CC4800F2A957 /* Frameworks */,
				A4B389DC24C2CC4800F2A957 /* Resources */,
			);
			buildRules = (
			);
			dependencies = (
			);
			name = VideoLooper;
			productName = VideoLooper;
			productReference = A4B389DE24C2CC4800F2A957 /* VideoLooper.app */;
			productType = "com.apple.product-type.application";
		};
		A4B389F324C2CC4D00F2A957 /* VideoLooperTests */ = {
			isa = PBXNativeTarget;
			buildConfigurationList = A4B38A0B24C2CC4D00F2A957 /* Build configuration list for PBXNativeTarget "VideoLooperTests" */;
			buildPhases = (
				A4B389F024C2CC4D00F2A957 /* Sources */,
				A4B389F124C2CC4D00F2A957 /* Frameworks */,
				A4B389F224C2CC4D00F2A957 /* Resources */,
			);
			buildRules = (
			);
			dependencies = (
				A4B389F624C2CC4D00F2A957 /* PBXTargetDependency */,
			);
			name = VideoLooperTests;
			productName = VideoLooperTests;
			productReference = A4B389F424C2CC4D00F2A957 /* VideoLooperTests.xctest */;
			productType = "com.apple.product-type.bundle.unit-test";
		};
		A4B389FE24C2CC4D00F2A957 /* VideoLooperUITests */ = {
			isa = PBXNativeTarget;
			buildConfigurationList = A4B38A0E24C2CC4D00F2A957 /* Build configuration list for PBXNativeTarget "VideoLooperUITests" */;
			buildPhases = (
				A4B389FB24C2CC4D00F2A957 /* Sources */,
				A4B389FC24C2CC4D00F2A957 /* Frameworks */,
				A4B389FD24C2CC4D00F2A957 /* Resources */,
			);
			buildRules = (
			);
			dependencies = (
				A4B38A0124C2CC4D00F2A957 /* PBXTargetDependency */,
			);
			name = VideoLooperUITests;
			productName = VideoLooperUITests;
			productReference = A4B389FF24C2CC4D00F2A957 /* VideoLooperUITests.xctest */;
			productType = "com.apple.product-type.bundle.ui-testing";
		};
/* End PBXNativeTarget section */

/* Begin PBXProject section */
		A4B389D624C2CC4800F2A957 /* Project object */ = {
			isa = PBXProject;
			attributes = {
				LastSwiftUpdateCheck = 1160;
				LastUpgradeCheck = 1160;
				ORGANIZATIONNAME = "Artyom Mihailovich";
				TargetAttributes = {
					A4B389DD24C2CC4800F2A957 = {
						CreatedOnToolsVersion = 11.6;
					};
					A4B389F324C2CC4D00F2A957 = {
						CreatedOnToolsVersion = 11.6;
						TestTargetID = A4B389DD24C2CC4800F2A957;
					};
					A4B389FE24C2CC4D00F2A957 = {
						CreatedOnToolsVersion = 11.6;
						TestTargetID = A4B389DD24C2CC4800F2A957;
					};
				};
			};
			buildConfigurationList = A4B389D924C2CC4800F2A957 /* Build configuration list for PBXProject "VideoLooper" */;
			compatibilityVersion = "Xcode 9.3";
			developmentRegion = en;
			hasScannedForEncodings = 0;
			knownRegions = (
				en,
				Base,
			);
			mainGroup = A4B389D524C2CC4800F2A957;
			productRefGroup = A4B389DF24C2CC4800F2A957 /* Products */;
			projectDirPath = "";
			projectRoot = "";
			targets = (
				A4B389DD24C2CC4800F2A957 /* VideoLooper */,
				A4B389F324C2CC4D00F2A957 /* VideoLooperTests */,
				A4B389FE24C2CC4D00F2A957 /* VideoLooperUITests */,
			);
		};
/* End PBXProject section */

/* Begin PBXResourcesBuildPhase section */
		A4B389DC24C2CC4800F2A957 /* Resources */ = {
			isa = PBXResourcesBuildPhase;
			buildActionMask = 2147483647;
			files = (
				A414CB0D24CC2AA900713814 /* AboutUsVideoforframe.mov in Resources */,
				A4B389EE24C2CC4C00F2A957 /* LaunchScreen.storyboard in Resources */,
				A4B389EB24C2CC4C00F2A957 /* Preview Assets.xcassets in Resources */,
				A4B389E824C2CC4C00F2A957 /* Assets.xcassets in Resources */,
			);
			runOnlyForDeploymentPostprocessing = 0;
		};
		A4B389F224C2CC4D00F2A957 /* Resources */ = {
			isa = PBXResourcesBuildPhase;
			buildActionMask = 2147483647;
			files = (
			);
			runOnlyForDeploymentPostprocessing = 0;
		};
		A4B389FD24C2CC4D00F2A957 /* Resources */ = {
			isa = PBXResourcesBuildPhase;
			buildActionMask = 2147483647;
			files = (
			);
			runOnlyForDeploymentPostprocessing = 0;
		};
/* End PBXResourcesBuildPhase section */

/* Begin PBXSourcesBuildPhase section */
		A4B389DA24C2CC4800F2A957 /* Sources */ = {
			isa = PBXSourcesBuildPhase;
			buildActionMask = 2147483647;
			files = (
				A414CB0B24CC2A4200713814 /* VideoLooper.swift in Sources */,
				A4B389E224C2CC4800F2A957 /* AppDelegate.swift in Sources */,
				A4B389E424C2CC4800F2A957 /* SceneDelegate.swift in Sources */,
				A414CB0924CC2A2200713814 /* ContentView.swift in Sources */,
			);
			runOnlyForDeploymentPostprocessing = 0;
		};
		A4B389F024C2CC4D00F2A957 /* Sources */ = {
			isa = PBXSourcesBuildPhase;
			buildActionMask = 2147483647;
			files = (
				A4B389F924C2CC4D00F2A957 /* VideoLooperTests.swift in Sources */,
			);
			runOnlyForDeploymentPostprocessing = 0;
		};
		A4B389FB24C2CC4D00F2A957 /* Sources */ = {
			isa = PBXSourcesBuildPhase;
			buildActionMask = 2147483647;
			files = (
				A4B38A0424C2CC4D00F2A957 /* VideoLooperUITests.swift in Sources */,
			);
			runOnlyForDeploymentPostprocessing = 0;
		};
/* End PBXSourcesBuildPhase section */

/* Begin PBXTargetDependency section */
		A4B389F624C2CC4D00F2A957 /* PBXTargetDependency */ = {
			isa = PBXTargetDependency;
			target = A4B389DD24C2CC4800F2A957 /* VideoLooper */;
			targetProxy = A4B389F524C2CC4D00F2A957 /* PBXContainerItemProxy */;
		};
		A4B38A0124C2CC4D00F2A957 /* PBXTargetDependency */ = {
			isa = PBXTargetDependency;
			target = A4B389DD24C2CC4800F2A957 /* VideoLooper */;
			targetProxy = A4B38A0024C2CC4D00F2A957 /* PBXContainerItemProxy */;
		};
/* End PBXTargetDependency section */

/* Begin PBXVariantGroup section */
		A4B389EC24C2CC4C00F2A957 /* LaunchScreen.storyboard */ = {
			isa = PBXVariantGroup;
			children = (
				A4B389ED24C2CC4C00F2A957 /* Base */,
			);
			name = LaunchScreen.storyboard;
			sourceTree = "<group>";
		};
/* End PBXVariantGroup section */

/* Begin XCBuildConfiguration section */
		A4B38A0624C2CC4D00F2A957 /* Debug */ = {
			isa = XCBuildConfiguration;
			buildSettings = {
				ALWAYS_SEARCH_USER_PATHS = NO;
				CLANG_ANALYZER_NONNULL = YES;
				CLANG_ANALYZER_NUMBER_OBJECT_CONVERSION = YES_AGGRESSIVE;
				CLANG_CXX_LANGUAGE_STANDARD = "gnu++14";
				CLANG_CXX_LIBRARY = "libc++";
				CLANG_ENABLE_MODULES = YES;
				CLANG_ENABLE_OBJC_ARC = YES;
				CLANG_ENABLE_OBJC_WEAK = YES;
				CLANG_WARN_BLOCK_CAPTURE_AUTORELEASING = YES;
				CLANG_WARN_BOOL_CONVERSION = YES;
				CLANG_WARN_COMMA = YES;
				CLANG_WARN_CONSTANT_CONVERSION = YES;
				CLANG_WARN_DEPRECATED_OBJC_IMPLEMENTATIONS = YES;
				CLANG_WARN_DIRECT_OBJC_ISA_USAGE = YES_ERROR;
				CLANG_WARN_DOCUMENTATION_COMMENTS = YES;
				CLANG_WARN_EMPTY_BODY = YES;
				CLANG_WARN_ENUM_CONVERSION = YES;
				CLANG_WARN_INFINITE_RECURSION = YES;
				CLANG_WARN_INT_CONVERSION = YES;
				CLANG_WARN_NON_LITERAL_NULL_CONVERSION = YES;
				CLANG_WARN_OBJC_IMPLICIT_RETAIN_SELF = YES;
				CLANG_WARN_OBJC_LITERAL_CONVERSION = YES;
				CLANG_WARN_OBJC_ROOT_CLASS = YES_ERROR;
				CLANG_WARN_RANGE_LOOP_ANALYSIS = YES;
				CLANG_WARN_STRICT_PROTOTYPES = YES;
				CLANG_WARN_SUSPICIOUS_MOVE = YES;
				CLANG_WARN_UNGUARDED_AVAILABILITY = YES_AGGRESSIVE;
				CLANG_WARN_UNREACHABLE_CODE = YES;
				CLANG_WARN__DUPLICATE_METHOD_MATCH = YES;
				COPY_PHASE_STRIP = NO;
				DEBUG_INFORMATION_FORMAT = dwarf;
				ENABLE_STRICT_OBJC_MSGSEND = YES;
				ENABLE_TESTABILITY = YES;
				GCC_C_LANGUAGE_STANDARD = gnu11;
				GCC_DYNAMIC_NO_PIC = NO;
				GCC_NO_COMMON_BLOCKS = YES;
				GCC_OPTIMIZATION_LEVEL = 0;
				GCC_PREPROCESSOR_DEFINITIONS = (
					"DEBUG=1",
					"$(inherited)",
				);
				GCC_WARN_64_TO_32_BIT_CONVERSION = YES;
				GCC_WARN_ABOUT_RETURN_TYPE = YES_ERROR;
				GCC_WARN_UNDECLARED_SELECTOR = YES;
				GCC_WARN_UNINITIALIZED_AUTOS = YES_AGGRESSIVE;
				GCC_WARN_UNUSED_FUNCTION = YES;
				GCC_WARN_UNUSED_VARIABLE = YES;
				IPHONEOS_DEPLOYMENT_TARGET = 13.6;
				MTL_ENABLE_DEBUG_INFO = INCLUDE_SOURCE;
				MTL_FAST_MATH = YES;
				ONLY_ACTIVE_ARCH = YES;
				SDKROOT = iphoneos;
				SWIFT_ACTIVE_COMPILATION_CONDITIONS = DEBUG;
				SWIFT_OPTIMIZATION_LEVEL = "-Onone";
			};
			name = Debug;
		};
		A4B38A0724C2CC4D00F2A957 /* Release */ = {
			isa = XCBuildConfiguration;
			buildSettings = {
				ALWAYS_SEARCH_USER_PATHS = NO;
				CLANG_ANALYZER_NONNULL = YES;
				CLANG_ANALYZER_NUMBER_OBJECT_CONVERSION = YES_AGGRESSIVE;
				CLANG_CXX_LANGUAGE_STANDARD = "gnu++14";
				CLANG_CXX_LIBRARY = "libc++";
				CLANG_ENABLE_MODULES = YES;
				CLANG_ENABLE_OBJC_ARC = YES;
				CLANG_ENABLE_OBJC_WEAK = YES;
				CLANG_WARN_BLOCK_CAPTURE_AUTORELEASING = YES;
				CLANG_WARN_BOOL_CONVERSION = YES;
				CLANG_WARN_COMMA = YES;
				CLANG_WARN_CONSTANT_CONVERSION = YES;
				CLANG_WARN_DEPRECATED_OBJC_IMPLEMENTATIONS = YES;
				CLANG_WARN_DIRECT_OBJC_ISA_USAGE = YES_ERROR;
				CLANG_WARN_DOCUMENTATION_COMMENTS = YES;
				CLANG_WARN_EMPTY_BODY = YES;
				CLANG_WARN_ENUM_CONVERSION = YES;
				CLANG_WARN_INFINITE_RECURSION = YES;
				CLANG_WARN_INT_CONVERSION = YES;
				CLANG_WARN_NON_LITERAL_NULL_CONVERSION = YES;
				CLANG_WARN_OBJC_IMPLICIT_RETAIN_SELF = YES;
				CLANG_WARN_OBJC_LITERAL_CONVERSION = YES;
				CLANG_WARN_OBJC_ROOT_CLASS = YES_ERROR;
				CLANG_WARN_RANGE_LOOP_ANALYSIS = YES;
				CLANG_WARN_STRICT_PROTOTYPES = YES;
				CLANG_WARN_SUSPICIOUS_MOVE = YES;
				CLANG_WARN_UNGUARDED_AVAILABILITY = YES_AGGRESSIVE;
				CLANG_WARN_UNREACHABLE_CODE = YES;
				CLANG_WARN__DUPLICATE_METHOD_MATCH = YES;
				COPY_PHASE_STRIP = NO;
				DEBUG_INFORMATION_FORMAT = "dwarf-with-dsym";
				ENABLE_NS_ASSERTIONS = NO;
				ENABLE_STRICT_OBJC_MSGSEND = YES;
				GCC_C_LANGUAGE_STANDARD = gnu11;
				GCC_NO_COMMON_BLOCKS = YES;
				GCC_WARN_64_TO_32_BIT_CONVERSION = YES;
				GCC_WARN_ABOUT_RETURN_TYPE = YES_ERROR;
				GCC_WARN_UNDECLARED_SELECTOR = YES;
				GCC_WARN_UNINITIALIZED_AUTOS = YES_AGGRESSIVE;
				GCC_WARN_UNUSED_FUNCTION = YES;
				GCC_WARN_UNUSED_VARIABLE = YES;
				IPHONEOS_DEPLOYMENT_TARGET = 13.6;
				MTL_ENABLE_DEBUG_INFO = NO;
				MTL_FAST_MATH = YES;
				SDKROOT = iphoneos;
				SWIFT_COMPILATION_MODE = wholemodule;
				SWIFT_OPTIMIZATION_LEVEL = "-O";
				VALIDATE_PRODUCT = YES;
			};
			name = Release;
		};
		A4B38A0924C2CC4D00F2A957 /* Debug */ = {
			isa = XCBuildConfiguration;
			buildSettings = {
				ASSETCATALOG_COMPILER_APPICON_NAME = AppIcon;
				CODE_SIGN_STYLE = Automatic;
				DEVELOPMENT_ASSET_PATHS = "\"VideoLooper/Preview Content\"";
				ENABLE_PREVIEWS = YES;
				INFOPLIST_FILE = VideoLooper/Info.plist;
				LD_RUNPATH_SEARCH_PATHS = (
					"$(inherited)",
					"@executable_path/Frameworks",
				);
				PRODUCT_BUNDLE_IDENTIFIER = Artyom.mihailovich.VideoLooper;
				PRODUCT_NAME = "$(TARGET_NAME)";
				SWIFT_VERSION = 5.0;
				TARGETED_DEVICE_FAMILY = "1,2";
			};
			name = Debug;
		};
		A4B38A0A24C2CC4D00F2A957 /* Release */ = {
			isa = XCBuildConfiguration;
			buildSettings = {
				ASSETCATALOG_COMPILER_APPICON_NAME = AppIcon;
				CODE_SIGN_STYLE = Automatic;
				DEVELOPMENT_ASSET_PATHS = "\"VideoLooper/Preview Content\"";
				ENABLE_PREVIEWS = YES;
				INFOPLIST_FILE = VideoLooper/Info.plist;
				LD_RUNPATH_SEARCH_PATHS = (
					"$(inherited)",
					"@executable_path/Frameworks",
				);
				PRODUCT_BUNDLE_IDENTIFIER = Artyom.mihailovich.VideoLooper;
				PRODUCT_NAME = "$(TARGET_NAME)";
				SWIFT_VERSION = 5.0;
				TARGETED_DEVICE_FAMILY = "1,2";
			};
			name = Release;
		};
		A4B38A0C24C2CC4D00F2A957 /* Debug */ = {
			isa = XCBuildConfiguration;
			buildSettings = {
				ALWAYS_EMBED_SWIFT_STANDARD_LIBRARIES = YES;
				BUNDLE_LOADER = "$(TEST_HOST)";
				CODE_SIGN_STYLE = Automatic;
				INFOPLIST_FILE = VideoLooperTests/Info.plist;
				IPHONEOS_DEPLOYMENT_TARGET = 13.6;
				LD_RUNPATH_SEARCH_PATHS = (
					"$(inherited)",
					"@executable_path/Frameworks",
					"@loader_path/Frameworks",
				);
				PRODUCT_BUNDLE_IDENTIFIER = Artyom.mihailovich.VideoLooperTests;
				PRODUCT_NAME = "$(TARGET_NAME)";
				SWIFT_VERSION = 5.0;
				TARGETED_DEVICE_FAMILY = "1,2";
				TEST_HOST = "$(BUILT_PRODUCTS_DIR)/VideoLooper.app/VideoLooper";
			};
			name = Debug;
		};
		A4B38A0D24C2CC4D00F2A957 /* Release */ = {
			isa = XCBuildConfiguration;
			buildSettings = {
				ALWAYS_EMBED_SWIFT_STANDARD_LIBRARIES = YES;
				BUNDLE_LOADER = "$(TEST_HOST)";
				CODE_SIGN_STYLE = Automatic;
				INFOPLIST_FILE = VideoLooperTests/Info.plist;
				IPHONEOS_DEPLOYMENT_TARGET = 13.6;
				LD_RUNPATH_SEARCH_PATHS = (
					"$(inherited)",
					"@executable_path/Frameworks",
					"@loader_path/Frameworks",
				);
				PRODUCT_BUNDLE_IDENTIFIER = Artyom.mihailovich.VideoLooperTests;
				PRODUCT_NAME = "$(TARGET_NAME)";
				SWIFT_VERSION = 5.0;
				TARGETED_DEVICE_FAMILY = "1,2";
				TEST_HOST = "$(BUILT_PRODUCTS_DIR)/VideoLooper.app/VideoLooper";
			};
			name = Release;
		};
		A4B38A0F24C2CC4D00F2A957 /* Debug */ = {
			isa = XCBuildConfiguration;
			buildSettings = {
				ALWAYS_EMBED_SWIFT_STANDARD_LIBRARIES = YES;
				CODE_SIGN_STYLE = Automatic;
				INFOPLIST_FILE = VideoLooperUITests/Info.plist;
				LD_RUNPATH_SEARCH_PATHS = (
					"$(inherited)",
					"@executable_path/Frameworks",
					"@loader_path/Frameworks",
				);
				PRODUCT_BUNDLE_IDENTIFIER = Artyom.mihailovich.VideoLooperUITests;
				PRODUCT_NAME = "$(TARGET_NAME)";
				SWIFT_VERSION = 5.0;
				TARGETED_DEVICE_FAMILY = "1,2";
				TEST_TARGET_NAME = VideoLooper;
			};
			name = Debug;
		};
		A4B38A1024C2CC4D00F2A957 /* Release */ = {
			isa = XCBuildConfiguration;
			buildSettings = {
				ALWAYS_EMBED_SWIFT_STANDARD_LIBRARIES = YES;
				CODE_SIGN_STYLE = Automatic;
				INFOPLIST_FILE = VideoLooperUITests/Info.plist;
				LD_RUNPATH_SEARCH_PATHS = (
					"$(inherited)",
					"@executable_path/Frameworks",
					"@loader_path/Frameworks",
				);
				PRODUCT_BUNDLE_IDENTIFIER = Artyom.mihailovich.VideoLooperUITests;
				PRODUCT_NAME = "$(TARGET_NAME)";
				SWIFT_VERSION = 5.0;
				TARGETED_DEVICE_FAMILY = "1,2";
				TEST_TARGET_NAME = VideoLooper;
			};
			name = Release;
		};
/* End XCBuildConfiguration section */

/* Begin XCConfigurationList section */
		A4B389D924C2CC4800F2A957 /* Build configuration list for PBXProject "VideoLooper" */ = {
			isa = XCConfigurationList;
			buildConfigurations = (
				A4B38A0624C2CC4D00F2A957 /* Debug */,
				A4B38A0724C2CC4D00F2A957 /* Release */,
			);
			defaultConfigurationIsVisible = 0;
			defaultConfigurationName = Release;
		};
		A4B38A0824C2CC4D00F2A957 /* Build configuration list for PBXNativeTarget "VideoLooper" */ = {
			isa = XCConfigurationList;
			buildConfigurations = (
				A4B38A0924C2CC4D00F2A957 /* Debug */,
				A4B38A0A24C2CC4D00F2A957 /* Release */,
			);
			defaultConfigurationIsVisible = 0;
			defaultConfigurationName = Release;
		};
		A4B38A0B24C2CC4D00F2A957 /* Build configuration list for PBXNativeTarget "VideoLooperTests" */ = {
			isa = XCConfigurationList;
			buildConfigurations = (
				A4B38A0C24C2CC4D00F2A957 /* Debug */,
				A4B38A0D24C2CC4D00F2A957 /* Release */,
			);
			defaultConfigurationIsVisible = 0;
			defaultConfigurationName = Release;
		};
		A4B38A0E24C2CC4D00F2A957 /* Build configuration list for PBXNativeTarget "VideoLooperUITests" */ = {
			isa = XCConfigurationList;
			buildConfigurations = (
				A4B38A0F24C2CC4D00F2A957 /* Debug */,
				A4B38A1024C2CC4D00F2A957 /* Release */,
			);
			defaultConfigurationIsVisible = 0;
			defaultConfigurationName = Release;
		};
/* End XCConfigurationList section */
	};
	rootObject = A4B389D624C2CC4800F2A957 /* Project object */;
}
